
Microsoft Visual Studio Solution File, Format Version 12.00
# Visual Studio Version 16
VisualStudioVersion = 16.0.29009.5
MinimumVisualStudioVersion = 10.0.40219.1
Project("{2150E333-8FDC-42A3-9474-1A3956D46DE8}") = "Main", "Main", "{80B361D4-6A77-480E-AC00-94815441C400}"
	ProjectSection(SolutionItems) = preProject
		AssemblyInfo.cs = AssemblyInfo.cs
	EndProjectSection
EndProject
Project("{2150E333-8FDC-42A3-9474-1A3956D46DE8}") = "Test", "Test", "{221BC348-ED8D-4B9E-A005-C91E93C0BE0A}"
EndProject
Project("{9A19103F-16F7-4668-BE54-9A1E7A4F7556}") = "AlexanderOnTest.NewNetPageFactory", "Src\Main\AlexanderOnTest.NewNetPageFactory\AlexanderOnTest.NewNetPageFactory.csproj", "{E68B548A-18EC-4FF0-8C7C-871043FB80B5}"
EndProject
Project("{9A19103F-16F7-4668-BE54-9A1E7A4F7556}") = "AlexanderOnTest.NewNetPageFactory.UnitTests", "Src\Test\AlexanderOnTest.NewNetPageFactory.UnitTests\AlexanderOnTest.NewNetPageFactory.UnitTests.csproj", "{342BA222-95AD-4A70-A73B-28874F02AD1F}"
EndProject
Project("{2150E333-8FDC-42A3-9474-1A3956D46DE8}") = "Solution Items", "Solution Items", "{6D9AC2B7-DDBE-4267-A935-11AC96AC74F5}"
	ProjectSection(SolutionItems) = preProject
		.travis.yml = .travis.yml
		sonar-project.properties = sonar-project.properties
	EndProjectSection
EndProject
Global
	GlobalSection(SolutionConfigurationPlatforms) = preSolution
		Debug|Any CPU = Debug|Any CPU
		Release|Any CPU = Release|Any CPU
	EndGlobalSection
	GlobalSection(ProjectConfigurationPlatforms) = postSolution
		{E68B548A-18EC-4FF0-8C7C-871043FB80B5}.Debug|Any CPU.ActiveCfg = Debug|Any CPU
		{E68B548A-18EC-4FF0-8C7C-871043FB80B5}.Debug|Any CPU.Build.0 = Debug|Any CPU
		{E68B548A-18EC-4FF0-8C7C-871043FB80B5}.Release|Any CPU.ActiveCfg = Release|Any CPU
		{E68B548A-18EC-4FF0-8C7C-871043FB80B5}.Release|Any CPU.Build.0 = Release|Any CPU
		{342BA222-95AD-4A70-A73B-28874F02AD1F}.Debug|Any CPU.ActiveCfg = Debug|Any CPU
		{342BA222-95AD-4A70-A73B-28874F02AD1F}.Debug|Any CPU.Build.0 = Debug|Any CPU
		{342BA222-95AD-4A70-A73B-28874F02AD1F}.Release|Any CPU.ActiveCfg = Release|Any CPU
		{342BA222-95AD-4A70-A73B-28874F02AD1F}.Release|Any CPU.Build.0 = Release|Any CPU
	EndGlobalSection
	GlobalSection(SolutionProperties) = preSolution
		HideSolutionNode = FALSE
	EndGlobalSection
	GlobalSection(NestedProjects) = preSolution
		{E68B548A-18EC-4FF0-8C7C-871043FB80B5} = {80B361D4-6A77-480E-AC00-94815441C400}
		{342BA222-95AD-4A70-A73B-28874F02AD1F} = {221BC348-ED8D-4B9E-A005-C91E93C0BE0A}
	EndGlobalSection
	GlobalSection(ExtensibilityGlobals) = postSolution
		SolutionGuid = {064D603D-68B4-4F0E-A629-21262CC85724}
	EndGlobalSection
EndGlobal
